Microsoft Visual Studio Solution File, Format Version 12.00
# Visual Studio Version 17
VisualStudioVersion = 17.0.31903.59
MinimumVisualStudioVersion = 10.0.40219.1
Project("{FAE04EC0-301F-11D3-BF4B-00C04F79EFBC}") = "HardwareMonitor.Core", "src\HardwareMonitor.Core\HardwareMonitor.Core.csproj", "{21D35A42-8385-4C39-8E21-67AB13176455}"
EndProject
Project("{FAE04EC0-301F-11D3-BF4B-00C04F79EFBC}") = "HardwareMonitor.Core.Tests", "tests\HardwareMonitor.Core.Tests\HardwareMonitor.Core.Tests.csproj", "{0B997B24-6045-4A0A-9C4F-FAEBAD8AD042}"
EndProject
Project("{FAE04EC0-301F-11D3-BF4B-00C04F79EFBC}") = "HardwareMonitor.Sensors", "src\HardwareMonitor.Sensors\HardwareMonitor.Sensors.csproj", "{1C5D3550-BD40-4D81-83E8-DA8AC4F44698}"
EndProject
Project("{FAE04EC0-301F-11D3-BF4B-00C04F79EFBC}") = "HardwareMonitor.Sensors.Tests", "tests\HardwareMonitor.Sensors.Tests\HardwareMonitor.Sensors.Tests.csproj", "{4A443E0B-C05B-4C8C-9E89-D083D11A09C3}"
EndProject
Project("{FAE04EC0-301F-11D3-BF4B-00C04F79EFBC}") = "HardwareMonitor.Diagnostics", "src\HardwareMonitor.Diagnostics\HardwareMonitor.Diagnostics.csproj", "{9E39208D-7BF9-4124-A66F-0A260C2E2631}"
EndProject
Project("{FAE04EC0-301F-11D3-BF4B-00C04F79EFBC}") = "HardwareMonitor.Platform.Windows", "src\HardwareMonitor.Platform.Windows\HardwareMonitor.Platform.Windows.csproj", "{B252EB78-BEDC-437B-B5BD-0E19B4518652}"
EndProject
Project("{FAE04EC0-301F-11D3-BF4B-00C04F79EFBC}") = "HardwareMonitor.App", "src\HardwareMonitor.App\HardwareMonitor.App.csproj", "{D0C7EC90-0B63-4F80-AD8C-713D81A4D3B1}"
EndProject
Global
    GlobalSection(SolutionConfigurationPlatforms) = preSolution
        Debug|Any CPU = Debug|Any CPU
        Release|Any CPU = Release|Any CPU
    EndGlobalSection
    GlobalSection(ProjectConfigurationPlatforms) = postSolution
        {21D35A42-8385-4C39-8E21-67AB13176455}.Debug|Any CPU.ActiveCfg = Debug|Any CPU
        {21D35A42-8385-4C39-8E21-67AB13176455}.Debug|Any CPU.Build.0 = Debug|Any CPU
        {21D35A42-8385-4C39-8E21-67AB13176455}.Release|Any CPU.ActiveCfg = Release|Any CPU
        {21D35A42-8385-4C39-8E21-67AB13176455}.Release|Any CPU.Build.0 = Release|Any CPU
        {0B997B24-6045-4A0A-9C4F-FAEBAD8AD042}.Debug|Any CPU.ActiveCfg = Debug|Any CPU
        {0B997B24-6045-4A0A-9C4F-FAEBAD8AD042}.Debug|Any CPU.Build.0 = Debug|Any CPU
        {0B997B24-6045-4A0A-9C4F-FAEBAD8AD042}.Release|Any CPU.ActiveCfg = Release|Any CPU
        {0B997B24-6045-4A0A-9C4F-FAEBAD8AD042}.Release|Any CPU.Build.0 = Release|Any CPU
        {1C5D3550-BD40-4D81-83E8-DA8AC4F44698}.Debug|Any CPU.ActiveCfg = Debug|Any CPU
        {1C5D3550-BD40-4D81-83E8-DA8AC4F44698}.Debug|Any CPU.Build.0 = Debug|Any CPU
        {1C5D3550-BD40-4D81-83E8-DA8AC4F44698}.Release|Any CPU.ActiveCfg = Release|Any CPU
        {1C5D3550-BD40-4D81-83E8-DA8AC4F44698}.Release|Any CPU.Build.0 = Release|Any CPU
        {4A443E0B-C05B-4C8C-9E89-D083D11A09C3}.Debug|Any CPU.ActiveCfg = Debug|Any CPU
        {4A443E0B-C05B-4C8C-9E89-D083D11A09C3}.Debug|Any CPU.Build.0 = Debug|Any CPU
        {4A443E0B-C05B-4C8C-9E89-D083D11A09C3}.Release|Any CPU.ActiveCfg = Release|Any CPU
        {4A443E0B-C05B-4C8C-9E89-D083D11A09C3}.Release|Any CPU.Build.0 = Release|Any CPU
        {9E39208D-7BF9-4124-A66F-0A260C2E2631}.Debug|Any CPU.ActiveCfg = Debug|Any CPU
        {9E39208D-7BF9-4124-A66F-0A260C2E2631}.Debug|Any CPU.Build.0 = Debug|Any CPU
        {9E39208D-7BF9-4124-A66F-0A260C2E2631}.Release|Any CPU.ActiveCfg = Release|Any CPU
        {9E39208D-7BF9-4124-A66F-0A260C2E2631}.Release|Any CPU.Build.0 = Release|Any CPU
        {B252EB78-BEDC-437B-B5BD-0E19B4518652}.Debug|Any CPU.ActiveCfg = Debug|Any CPU
        {B252EB78-BEDC-437B-B5BD-0E19B4518652}.Debug|Any CPU.Build.0 = Debug|Any CPU
        {B252EB78-BEDC-437B-B5BD-0E19B4518652}.Release|Any CPU.ActiveCfg = Release|Any CPU
        {B252EB78-BEDC-437B-B5BD-0E19B4518652}.Release|Any CPU.Build.0 = Release|Any CPU
        {D0C7EC90-0B63-4F80-AD8C-713D81A4D3B1}.Debug|Any CPU.ActiveCfg = Debug|Any CPU
        {D0C7EC90-0B63-4F80-AD8C-713D81A4D3B1}.Debug|Any CPU.Build.0 = Debug|Any CPU
        {D0C7EC90-0B63-4F80-AD8C-713D81A4D3B1}.Release|Any CPU.ActiveCfg = Release|Any CPU
        {D0C7EC90-0B63-4F80-AD8C-713D81A4D3B1}.Release|Any CPU.Build.0 = Release|Any CPU
    EndGlobalSection
EndGlobal
